
Microsoft Visual Studio Solution File, Format Version 12.00
# Visual Studio Version 17
VisualStudioVersion = 17.10.35013.160
MinimumVisualStudioVersion = 10.0.40219.1
Project("{8BC9CEB8-8B4A-11D0-8D11-00A0C91BC942}") = "DeviceDriver", "DeviceDriver\DeviceDriver.vcxproj", "{6070A335-F79F-422C-94FB-EEC9C30E702E}"
EndProject
Project("{8BC9CEB8-8B4A-11D0-8D11-00A0C91BC942}") = "UnitTest", "UnitTest\UnitTest.vcxproj", "{DE3B0412-9C5C-4A93-9621-41E70FB31693}"
EndProject
Project("{2150E333-8FDC-42A3-9474-1A3956D46DE8}") = "솔루션 항목", "솔루션 항목", "{5823915F-983E-4D8B-88C8-25F107530766}"
	ProjectSection(SolutionItems) = preProject
		.gitignore = .gitignore
	EndProjectSection
EndProject
Global
	GlobalSection(SolutionConfigurationPlatforms) = preSolution
		Debug|x64 = Debug|x64
		Debug|x86 = Debug|x86
		Release|x64 = Release|x64
		Release|x86 = Release|x86
	EndGlobalSection
	GlobalSection(ProjectConfigurationPlatforms) = postSolution
		{6070A335-F79F-422C-94FB-EEC9C30E702E}.Debug|x64.ActiveCfg = Debug|x64
		{6070A335-F79F-422C-94FB-EEC9C30E702E}.Debug|x64.Build.0 = Debug|x64
		{6070A335-F79F-422C-94FB-EEC9C30E702E}.Debug|x86.ActiveCfg = Debug|Win32
		{6070A335-F79F-422C-94FB-EEC9C30E702E}.Debug|x86.Build.0 = Debug|Win32
		{6070A335-F79F-422C-94FB-EEC9C30E702E}.Release|x64.ActiveCfg = Release|x64
		{6070A335-F79F-422C-94FB-EEC9C30E702E}.Release|x64.Build.0 = Release|x64
		{6070A335-F79F-422C-94FB-EEC9C30E702E}.Release|x86.ActiveCfg = Release|Win32
		{6070A335-F79F-422C-94FB-EEC9C30E702E}.Release|x86.Build.0 = Release|Win32
		{DE3B0412-9C5C-4A93-9621-41E70FB31693}.Debug|x64.ActiveCfg = Debug|x64
		{DE3B0412-9C5C-4A93-9621-41E70FB31693}.Debug|x64.Build.0 = Debug|x64
		{DE3B0412-9C5C-4A93-9621-41E70FB31693}.Debug|x86.ActiveCfg = Debug|Win32
		{DE3B0412-9C5C-4A93-9621-41E70FB31693}.Debug|x86.Build.0 = Debug|Win32
		{DE3B0412-9C5C-4A93-9621-41E70FB31693}.Release|x64.ActiveCfg = Release|x64
		{DE3B0412-9C5C-4A93-9621-41E70FB31693}.Release|x64.Build.0 = Release|x64
		{DE3B0412-9C5C-4A93-9621-41E70FB31693}.Release|x86.ActiveCfg = Release|Win32
		{DE3B0412-9C5C-4A93-9621-41E70FB31693}.Release|x86.Build.0 = Release|Win32
	EndGlobalSection
	GlobalSection(SolutionProperties) = preSolution
		HideSolutionNode = FALSE
	EndGlobalSection
	GlobalSection(ExtensibilityGlobals) = postSolution
		SolutionGuid = {E9B0C7F6-C77D-4BF3-B4E9-30B4D47DDEA3}
	EndGlobalSection
EndGlobal
